// !$*UTF8*$!
{
	archiveVersion = 1;
	classes = {
	};
	objectVersion = 77;
	objects = {

/* Begin PBXBuildFile section */
		4B1D98082E05D0F400C6E466 /* GoogleSignIn in Frameworks */ = {isa = PBXBuildFile; productRef = 4B1D98072E05D0F400C6E466 /* GoogleSignIn */; };
		4B2577B32E04E91200583862 /* Drawer in Frameworks */ = {isa = PBXBuildFile; productRef = 4B2577B22E04E91200583862 /* Drawer */; };
/* End PBXBuildFile section */

/* Begin PBXContainerItemProxy section */
		4BFFAAD42D91A93E007476E8 /* PBXContainerItemProxy */ = {
			isa = PBXContainerItemProxy;
			containerPortal = 4BFFAABB2D91A93C007476E8 /* Project object */;
			proxyType = 1;
			remoteGlobalIDString = 4BFFAAC22D91A93C007476E8;
			remoteInfo = "kon-quest";
		};
		4BFFAADE2D91A93E007476E8 /* PBXContainerItemProxy */ = {
			isa = PBXContainerItemProxy;
			containerPortal = 4BFFAABB2D91A93C007476E8 /* Project object */;
			proxyType = 1;
			remoteGlobalIDString = 4BFFAAC22D91A93C007476E8;
			remoteInfo = "kon-quest";
		};
/* End PBXContainerItemProxy section */

/* Begin PBXFileReference section */
		4BFFAAC32D91A93C007476E8 /* kon-quest.app */ = {isa = PBXFileReference; explicitFileType = wrapper.application; includeInIndex = 0; path = "kon-quest.app"; sourceTree = BUILT_PRODUCTS_DIR; };
		4BFFAAD32D91A93E007476E8 /* kon-questTests.xctest */ = {isa = PBXFileReference; explicitFileType = wrapper.cfbundle; includeInIndex = 0; path = "kon-questTests.xctest"; sourceTree = BUILT_PRODUCTS_DIR; };
		4BFFAADD2D91A93E007476E8 /* kon-questUITests.xctest */ = {isa = PBXFileReference; explicitFileType = wrapper.cfbundle; includeInIndex = 0; path = "kon-questUITests.xctest"; sourceTree = BUILT_PRODUCTS_DIR; };
/* End PBXFileReference section */

/* Begin PBXFileSystemSynchronizedRootGroup section */
		4BFFAAC52D91A93C007476E8 /* kon-quest */ = {
			isa = PBXFileSystemSynchronizedRootGroup;
			path = "kon-quest";
			sourceTree = "<group>";
		};
/* End PBXFileSystemSynchronizedRootGroup section */

/* Begin PBXFrameworksBuildPhase section */
		4BFFAAC02D91A93C007476E8 /* Frameworks */ = {
			isa = PBXFrameworksBuildPhase;
			buildActionMask = 2147483647;
			files = (
				4B2577B32E04E91200583862 /* Drawer in Frameworks */,
				4B1D98082E05D0F400C6E466 /* GoogleSignIn in Frameworks */,
			);
			runOnlyForDeploymentPostprocessing = 0;
		};
		4BFFAAD02D91A93E007476E8 /* Frameworks */ = {
			isa = PBXFrameworksBuildPhase;
			buildActionMask = 2147483647;
			files = (
			);
			runOnlyForDeploymentPostprocessing = 0;
		};
		4BFFAADA2D91A93E007476E8 /* Frameworks */ = {
			isa = PBXFrameworksBuildPhase;
			buildActionMask = 2147483647;
			files = (
			);
			runOnlyForDeploymentPostprocessing = 0;
		};
/* End PBXFrameworksBuildPhase section */

/* Begin PBXGroup section */
		4B1D98062E05D0F400C6E466 /* Frameworks */ = {
			isa = PBXGroup;
			children = (
			);
			name = Frameworks;
			sourceTree = "<group>";
		};
		4BFFAABA2D91A93C007476E8 = {
			isa = PBXGroup;
			children = (
				4BFFAAC52D91A93C007476E8 /* kon-quest */,
				4B1D98062E05D0F400C6E466 /* Frameworks */,
				4BFFAAC42D91A93C007476E8 /* Products */,
			);
			sourceTree = "<group>";
		};
		4BFFAAC42D91A93C007476E8 /* Products */ = {
			isa = PBXGroup;
			children = (
				4BFFAAC32D91A93C007476E8 /* kon-quest.app */,
				4BFFAAD32D91A93E007476E8 /* kon-questTests.xctest */,
				4BFFAADD2D91A93E007476E8 /* kon-questUITests.xctest */,
			);
			name = Products;
			sourceTree = "<group>";
		};
/* End PBXGroup section */

/* Begin PBXNativeTarget section */
		4BFFAAC22D91A93C007476E8 /* kon-quest */ = {
			isa = PBXNativeTarget;
			buildConfigurationList = 4BFFAAE72D91A93E007476E8 /* Build configuration list for PBXNativeTarget "kon-quest" */;
			buildPhases = (
				4BFFAABF2D91A93C007476E8 /* Sources */,
				4BFFAAC02D91A93C007476E8 /* Frameworks */,
				4BFFAAC12D91A93C007476E8 /* Resources */,
			);
			buildRules = (
			);
			dependencies = (
			);
			fileSystemSynchronizedGroups = (
				4BFFAAC52D91A93C007476E8 /* kon-quest */,
			);
			name = "kon-quest";
			packageProductDependencies = (
				4B2577B22E04E91200583862 /* Drawer */,
				4B1D98072E05D0F400C6E466 /* GoogleSignIn */,
			);
			productName = "kon-quest";
			productReference = 4BFFAAC32D91A93C007476E8 /* kon-quest.app */;
			productType = "com.apple.product-type.application";
		};
		4BFFAAD22D91A93E007476E8 /* kon-questTests */ = {
			isa = PBXNativeTarget;
			buildConfigurationList = 4BFFAAEA2D91A93E007476E8 /* Build configuration list for PBXNativeTarget "kon-questTests" */;
			buildPhases = (
				4BFFAACF2D91A93E007476E8 /* Sources */,
				4BFFAAD02D91A93E007476E8 /* Frameworks */,
				4BFFAAD12D91A93E007476E8 /* Resources */,
			);
			buildRules = (
			);
			dependencies = (
				4BFFAAD52D91A93E007476E8 /* PBXTargetDependency */,
			);
			name = "kon-questTests";
			packageProductDependencies = (
			);
			productName = "kon-questTests";
			productReference = 4BFFAAD32D91A93E007476E8 /* kon-questTests.xctest */;
			productType = "com.apple.product-type.bundle.unit-test";
		};
		4BFFAADC2D91A93E007476E8 /* kon-questUITests */ = {
			isa = PBXNativeTarget;
			buildConfigurationList = 4BFFAAED2D91A93E007476E8 /* Build configuration list for PBXNativeTarget "kon-questUITests" */;
			buildPhases = (
				4BFFAAD92D91A93E007476E8 /* Sources */,
				4BFFAADA2D91A93E007476E8 /* Frameworks */,
				4BFFAADB2D91A93E007476E8 /* Resources */,
			);
			buildRules = (
			);
			dependencies = (
				4BFFAADF2D91A93E007476E8 /* PBXTargetDependency */,
			);
			name = "kon-questUITests";
			packageProductDependencies = (
			);
			productName = "kon-questUITests";
			productReference = 4BFFAADD2D91A93E007476E8 /* kon-questUITests.xctest */;
			productType = "com.apple.product-type.bundle.ui-testing";
		};
/* End PBXNativeTarget section */

/* Begin PBXProject section */
		4BFFAABB2D91A93C007476E8 /* Project object */ = {
			isa = PBXProject;
			attributes = {
				BuildIndependentTargetsInParallel = 1;
				LastSwiftUpdateCheck = 1620;
				LastUpgradeCheck = 1620;
				TargetAttributes = {
					4BFFAAC22D91A93C007476E8 = {
						CreatedOnToolsVersion = 16.2;
					};
					4BFFAAD22D91A93E007476E8 = {
						CreatedOnToolsVersion = 16.2;
						TestTargetID = 4BFFAAC22D91A93C007476E8;
					};
					4BFFAADC2D91A93E007476E8 = {
						CreatedOnToolsVersion = 16.2;
						TestTargetID = 4BFFAAC22D91A93C007476E8;
					};
				};
			};
			buildConfigurationList = 4BFFAABE2D91A93C007476E8 /* Build configuration list for PBXProject "kon-quest" */;
			developmentRegion = en;
			hasScannedForEncodings = 0;
			knownRegions = (
				en,
				Base,
			);
			mainGroup = 4BFFAABA2D91A93C007476E8;
			minimizedProjectReferenceProxies = 1;
			packageReferences = (
				4B2577B12E04E91200583862 /* XCRemoteSwiftPackageReference "swiftui-drawer" */,
				4B2577F32E05CF3700583862 /* XCRemoteSwiftPackageReference "GoogleSignIn-iOS" */,
			);
			preferredProjectObjectVersion = 77;
			productRefGroup = 4BFFAAC42D91A93C007476E8 /* Products */;
			projectDirPath = "";
			projectRoot = "";
			targets = (
				4BFFAAC22D91A93C007476E8 /* kon-quest */,
				4BFFAAD22D91A93E007476E8 /* kon-questTests */,
				4BFFAADC2D91A93E007476E8 /* kon-questUITests */,
			);
		};
/* End PBXProject section */

/* Begin PBXResourcesBuildPhase section */
		4BFFAAC12D91A93C007476E8 /* Resources */ = {
			isa = PBXResourcesBuildPhase;
			buildActionMask = 2147483647;
			files = (
			);
			runOnlyForDeploymentPostprocessing = 0;
		};
		4BFFAAD12D91A93E007476E8 /* Resources */ = {
			isa = PBXResourcesBuildPhase;
			buildActionMask = 2147483647;
			files = (
			);
			runOnlyForDeploymentPostprocessing = 0;
		};
		4BFFAADB2D91A93E007476E8 /* Resources */ = {
			isa = PBXResourcesBuildPhase;
			buildActionMask = 2147483647;
			files = (
			);
			runOnlyForDeploymentPostprocessing = 0;
		};
/* End PBXResourcesBuildPhase section */

/* Begin PBXSourcesBuildPhase section */
		4BFFAABF2D91A93C007476E8 /* Sources */ = {
			isa = PBXSourcesBuildPhase;
			buildActionMask = 2147483647;
			files = (
			);
			runOnlyForDeploymentPostprocessing = 0;
		};
		4BFFAACF2D91A93E007476E8 /* Sources */ = {
			isa = PBXSourcesBuildPhase;
			buildActionMask = 2147483647;
			files = (
			);
			runOnlyForDeploymentPostprocessing = 0;
		};
		4BFFAAD92D91A93E007476E8 /* Sources */ = {
			isa = PBXSourcesBuildPhase;
			buildActionMask = 2147483647;
			files = (
			);
			runOnlyForDeploymentPostprocessing = 0;
		};
/* End PBXSourcesBuildPhase section */

/* Begin PBXTargetDependency section */
		4BFFAAD52D91A93E007476E8 /* PBXTargetDependency */ = {
			isa = PBXTargetDependency;
			target = 4BFFAAC22D91A93C007476E8 /* kon-quest */;
			targetProxy = 4BFFAAD42D91A93E007476E8 /* PBXContainerItemProxy */;
		};
		4BFFAADF2D91A93E007476E8 /* PBXTargetDependency */ = {
			isa = PBXTargetDependency;
			target = 4BFFAAC22D91A93C007476E8 /* kon-quest */;
			targetProxy = 4BFFAADE2D91A93E007476E8 /* PBXContainerItemProxy */;
		};
/* End PBXTargetDependency section */

/* Begin XCBuildConfiguration section */
		4BFFAAE52D91A93E007476E8 /* Debug */ = {
			isa = XCBuildConfiguration;
			buildSettings = {
				ALWAYS_SEARCH_USER_PATHS = NO;
				ASSETCATALOG_COMPILER_GENERATE_SWIFT_ASSET_SYMBOL_EXTENSIONS = YES;
				CLANG_ANALYZER_NONNULL = YES;
				CLANG_ANALYZER_NUMBER_OBJECT_CONVERSION = YES_AGGRESSIVE;
				CLANG_CXX_LANGUAGE_STANDARD = "gnu++20";
				CLANG_ENABLE_MODULES = YES;
				CLANG_ENABLE_OBJC_ARC = YES;
				CLANG_ENABLE_OBJC_WEAK = YES;
				CLANG_WARN_BLOCK_CAPTURE_AUTORELEASING = YES;
				CLANG_WARN_BOOL_CONVERSION = YES;
				CLANG_WARN_COMMA = YES;
				CLANG_WARN_CONSTANT_CONVERSION = YES;
				CLANG_WARN_DEPRECATED_OBJC_IMPLEMENTATIONS = YES;
				CLANG_WARN_DIRECT_OBJC_ISA_USAGE = YES_ERROR;
				CLANG_WARN_DOCUMENTATION_COMMENTS = YES;
				CLANG_WARN_EMPTY_BODY = YES;
				CLANG_WARN_ENUM_CONVERSION = YES;
				CLANG_WARN_INFINITE_RECURSION = YES;
				CLANG_WARN_INT_CONVERSION = YES;
				CLANG_WARN_NON_LITERAL_NULL_CONVERSION = YES;
				CLANG_WARN_OBJC_IMPLICIT_RETAIN_SELF = YES;
				CLANG_WARN_OBJC_LITERAL_CONVERSION = YES;
				CLANG_WARN_OBJC_ROOT_CLASS = YES_ERROR;
				CLANG_WARN_QUOTED_INCLUDE_IN_FRAMEWORK_HEADER = YES;
				CLANG_WARN_RANGE_LOOP_ANALYSIS = YES;
				CLANG_WARN_STRICT_PROTOTYPES = YES;
				CLANG_WARN_SUSPICIOUS_MOVE = YES;
				CLANG_WARN_UNGUARDED_AVAILABILITY = YES_AGGRESSIVE;
				CLANG_WARN_UNREACHABLE_CODE = YES;
				CLANG_WARN__DUPLICATE_METHOD_MATCH = YES;
				COPY_PHASE_STRIP = NO;
				DEBUG_INFORMATION_FORMAT = dwarf;
				ENABLE_STRICT_OBJC_MSGSEND = YES;
				ENABLE_TESTABILITY = YES;
				ENABLE_USER_SCRIPT_SANDBOXING = YES;
				GCC_C_LANGUAGE_STANDARD = gnu17;
				GCC_DYNAMIC_NO_PIC = NO;
				GCC_NO_COMMON_BLOCKS = YES;
				GCC_OPTIMIZATION_LEVEL = 0;
				GCC_PREPROCESSOR_DEFINITIONS = (
					"DEBUG=1",
					"$(inherited)",
				);
				GCC_WARN_64_TO_32_BIT_CONVERSION = YES;
				GCC_WARN_ABOUT_RETURN_TYPE = YES_ERROR;
				GCC_WARN_UNDECLARED_SELECTOR = YES;
				GCC_WARN_UNINITIALIZED_AUTOS = YES_AGGRESSIVE;
				GCC_WARN_UNUSED_FUNCTION = YES;
				GCC_WARN_UNUSED_VARIABLE = YES;
				IPHONEOS_DEPLOYMENT_TARGET = 18.2;
				LOCALIZATION_PREFERS_STRING_CATALOGS = YES;
				MTL_ENABLE_DEBUG_INFO = INCLUDE_SOURCE;
				MTL_FAST_MATH = YES;
				ONLY_ACTIVE_ARCH = YES;
				SDKROOT = iphoneos;
				SWIFT_ACTIVE_COMPILATION_CONDITIONS = "DEBUG $(inherited)";
				SWIFT_OPTIMIZATION_LEVEL = "-Onone";
			};
			name = Debug;
		};
		4BFFAAE62D91A93E007476E8 /* Release */ = {
			isa = XCBuildConfiguration;
			buildSettings = {
				ALWAYS_SEARCH_USER_PATHS = NO;
				ASSETCATALOG_COMPILER_GENERATE_SWIFT_ASSET_SYMBOL_EXTENSIONS = YES;
				CLANG_ANALYZER_NONNULL = YES;
				CLANG_ANALYZER_NUMBER_OBJECT_CONVERSION = YES_AGGRESSIVE;
				CLANG_CXX_LANGUAGE_STANDARD = "gnu++20";
				CLANG_ENABLE_MODULES = YES;
				CLANG_ENABLE_OBJC_ARC = YES;
				CLANG_ENABLE_OBJC_WEAK = YES;
				CLANG_WARN_BLOCK_CAPTURE_AUTORELEASING = YES;
				CLANG_WARN_BOOL_CONVERSION = YES;
				CLANG_WARN_COMMA = YES;
				CLANG_WARN_CONSTANT_CONVERSION = YES;
				CLANG_WARN_DEPRECATED_OBJC_IMPLEMENTATIONS = YES;
				CLANG_WARN_DIRECT_OBJC_ISA_USAGE = YES_ERROR;
				CLANG_WARN_DOCUMENTATION_COMMENTS = YES;
				CLANG_WARN_EMPTY_BODY = YES;
				CLANG_WARN_ENUM_CONVERSION = YES;
				CLANG_WARN_INFINITE_RECURSION = YES;
				CLANG_WARN_INT_CONVERSION = YES;
				CLANG_WARN_NON_LITERAL_NULL_CONVERSION = YES;
				CLANG_WARN_OBJC_IMPLICIT_RETAIN_SELF = YES;
				CLANG_WARN_OBJC_LITERAL_CONVERSION = YES;
				CLANG_WARN_OBJC_ROOT_CLASS = YES_ERROR;
				CLANG_WARN_QUOTED_INCLUDE_IN_FRAMEWORK_HEADER = YES;
				CLANG_WARN_RANGE_LOOP_ANALYSIS = YES;
				CLANG_WARN_STRICT_PROTOTYPES = YES;
				CLANG_WARN_SUSPICIOUS_MOVE = YES;
				CLANG_WARN_UNGUARDED_AVAILABILITY = YES_AGGRESSIVE;
				CLANG_WARN_UNREACHABLE_CODE = YES;
				CLANG_WARN__DUPLICATE_METHOD_MATCH = YES;
				COPY_PHASE_STRIP = NO;
				DEBUG_INFORMATION_FORMAT = "dwarf-with-dsym";
				ENABLE_NS_ASSERTIONS = NO;
				ENABLE_STRICT_OBJC_MSGSEND = YES;
				ENABLE_USER_SCRIPT_SANDBOXING = YES;
				GCC_C_LANGUAGE_STANDARD = gnu17;
				GCC_NO_COMMON_BLOCKS = YES;
				GCC_WARN_64_TO_32_BIT_CONVERSION = YES;
				GCC_WARN_ABOUT_RETURN_TYPE = YES_ERROR;
				GCC_WARN_UNDECLARED_SELECTOR = YES;
				GCC_WARN_UNINITIALIZED_AUTOS = YES_AGGRESSIVE;
				GCC_WARN_UNUSED_FUNCTION = YES;
				GCC_WARN_UNUSED_VARIABLE = YES;
				IPHONEOS_DEPLOYMENT_TARGET = 18.2;
				LOCALIZATION_PREFERS_STRING_CATALOGS = YES;
				MTL_ENABLE_DEBUG_INFO = NO;
				MTL_FAST_MATH = YES;
				SDKROOT = iphoneos;
				SWIFT_COMPILATION_MODE = wholemodule;
				VALIDATE_PRODUCT = YES;
			};
			name = Release;
		};
		4BFFAAE82D91A93E007476E8 /* Debug */ = {
			isa = XCBuildConfiguration;
			buildSettings = {
				ASSETCATALOG_COMPILER_APPICON_NAME = AppIcon;
				ASSETCATALOG_COMPILER_GLOBAL_ACCENT_COLOR_NAME = AccentColor;
				CODE_SIGN_STYLE = Automatic;
				CURRENT_PROJECT_VERSION = 1;
				DEVELOPMENT_ASSET_PATHS = "\"kon-quest/Preview Content\"";
				DEVELOPMENT_TEAM = UTAQN8R765;
				ENABLE_PREVIEWS = YES;
				GENERATE_INFOPLIST_FILE = YES;
				INFOPLIST_FILE = "$(SRCROOT)/kon-quest/konquest-Info.plist";
				INFOPLIST_KEY_NSLocationWhenInUseUsageDescription = "We need your location to show event maps and nearby quests.";
				INFOPLIST_KEY_UIApplicationSceneManifest_Generation = YES;
				INFOPLIST_KEY_UIApplicationSupportsIndirectInputEvents = YES;
				INFOPLIST_KEY_UIMainStoryboardFile = "";
				INFOPLIST_KEY_UIRequiredDeviceCapabilities = armv7;
				INFOPLIST_KEY_UIStatusBarStyle = "";
				INFOPLIST_KEY_UISupportedInterfaceOrientations = UIInterfaceOrientationPortrait;
				INFOPLIST_KEY_UISupportedInterfaceOrientations_iPad = "UIInterfaceOrientationPortrait UIInterfaceOrientationPortraitUpsideDown UIInterfaceOrientationLandscapeLeft UIInterfaceOrientationLandscapeRight";
				INFOPLIST_KEY_UISupportedInterfaceOrientations_iPhone = "UIInterfaceOrientationPortrait UIInterfaceOrientationLandscapeLeft UIInterfaceOrientationLandscapeRight";
				LD_RUNPATH_SEARCH_PATHS = (
					"$(inherited)",
					"@executable_path/Frameworks",
				);
				MARKETING_VERSION = 1.0;
				PRODUCT_BUNDLE_IDENTIFIER = "dev.diden.kon-quest";
				PRODUCT_NAME = "$(TARGET_NAME)";
				SWIFT_EMIT_LOC_STRINGS = YES;
				SWIFT_VERSION = 5.0;
				TARGETED_DEVICE_FAMILY = "1,2";
			};
			name = Debug;
		};
		4BFFAAE92D91A93E007476E8 /* Release */ = {
			isa = XCBuildConfiguration;
			buildSettings = {
				ASSETCATALOG_COMPILER_APPICON_NAME = AppIcon;
				ASSETCATALOG_COMPILER_GLOBAL_ACCENT_COLOR_NAME = AccentColor;
				CODE_SIGN_STYLE = Automatic;
				CURRENT_PROJECT_VERSION = 1;
				DEVELOPMENT_ASSET_PATHS = "\"kon-quest/Preview Content\"";
				DEVELOPMENT_TEAM = UTAQN8R765;
				ENABLE_PREVIEWS = YES;
				GENERATE_INFOPLIST_FILE = YES;
				INFOPLIST_FILE = "$(SRCROOT)/kon-quest/konquest-Info.plist";
				INFOPLIST_KEY_NSLocationWhenInUseUsageDescription = "We need your location to show event maps and nearby quests.";
				INFOPLIST_KEY_UIApplicationSceneManifest_Generation = YES;
				INFOPLIST_KEY_UIApplicationSupportsIndirectInputEvents = YES;
				INFOPLIST_KEY_UIMainStoryboardFile = "";
				INFOPLIST_KEY_UIRequiredDeviceCapabilities = armv7;
				INFOPLIST_KEY_UIStatusBarStyle = "";
				INFOPLIST_KEY_UISupportedInterfaceOrientations = UIInterfaceOrientationPortrait;
				INFOPLIST_KEY_UISupportedInterfaceOrientations_iPad = "UIInterfaceOrientationPortrait UIInterfaceOrientationPortraitUpsideDown UIInterfaceOrientationLandscapeLeft UIInterfaceOrientationLandscapeRight";
				INFOPLIST_KEY_UISupportedInterfaceOrientations_iPhone = "UIInterfaceOrientationPortrait UIInterfaceOrientationLandscapeLeft UIInterfaceOrientationLandscapeRight";
				LD_RUNPATH_SEARCH_PATHS = (
					"$(inherited)",
					"@executable_path/Frameworks",
				);
				MARKETING_VERSION = 1.0;
				PRODUCT_BUNDLE_IDENTIFIER = "dev.diden.kon-quest";
				PRODUCT_NAME = "$(TARGET_NAME)";
				SWIFT_EMIT_LOC_STRINGS = YES;
				SWIFT_VERSION = 5.0;
				TARGETED_DEVICE_FAMILY = "1,2";
			};
			name = Release;
		};
		4BFFAAEB2D91A93E007476E8 /* Debug */ = {
			isa = XCBuildConfiguration;
			buildSettings = {
				BUNDLE_LOADER = "$(TEST_HOST)";
				CODE_SIGN_STYLE = Automatic;
				CURRENT_PROJECT_VERSION = 1;
				GENERATE_INFOPLIST_FILE = YES;
				IPHONEOS_DEPLOYMENT_TARGET = 18.2;
				MARKETING_VERSION = 1.0;
				PRODUCT_BUNDLE_IDENTIFIER = "dev.diden.kon-questTests";
				PRODUCT_NAME = "$(TARGET_NAME)";
				SWIFT_EMIT_LOC_STRINGS = NO;
				SWIFT_VERSION = 5.0;
				TARGETED_DEVICE_FAMILY = "1,2";
				TEST_HOST = "$(BUILT_PRODUCTS_DIR)/kon-quest.app/$(BUNDLE_EXECUTABLE_FOLDER_PATH)/kon-quest";
			};
			name = Debug;
		};
		4BFFAAEC2D91A93E007476E8 /* Release */ = {
			isa = XCBuildConfiguration;
			buildSettings = {
				BUNDLE_LOADER = "$(TEST_HOST)";
				CODE_SIGN_STYLE = Automatic;
				CURRENT_PROJECT_VERSION = 1;
				GENERATE_INFOPLIST_FILE = YES;
				IPHONEOS_DEPLOYMENT_TARGET = 18.2;
				MARKETING_VERSION = 1.0;
				PRODUCT_BUNDLE_IDENTIFIER = "dev.diden.kon-questTests";
				PRODUCT_NAME = "$(TARGET_NAME)";
				SWIFT_EMIT_LOC_STRINGS = NO;
				SWIFT_VERSION = 5.0;
				TARGETED_DEVICE_FAMILY = "1,2";
				TEST_HOST = "$(BUILT_PRODUCTS_DIR)/kon-quest.app/$(BUNDLE_EXECUTABLE_FOLDER_PATH)/kon-quest";
			};
			name = Release;
		};
		4BFFAAEE2D91A93E007476E8 /* Debug */ = {
			isa = XCBuildConfiguration;
			buildSettings = {
				CODE_SIGN_STYLE = Automatic;
				CURRENT_PROJECT_VERSION = 1;
				GENERATE_INFOPLIST_FILE = YES;
				MARKETING_VERSION = 1.0;
				PRODUCT_BUNDLE_IDENTIFIER = "dev.diden.kon-questUITests";
				PRODUCT_NAME = "$(TARGET_NAME)";
				SWIFT_EMIT_LOC_STRINGS = NO;
				SWIFT_VERSION = 5.0;
				TARGETED_DEVICE_FAMILY = "1,2";
				TEST_TARGET_NAME = "kon-quest";
			};
			name = Debug;
		};
		4BFFAAEF2D91A93E007476E8 /* Release */ = {
			isa = XCBuildConfiguration;
			buildSettings = {
				CODE_SIGN_STYLE = Automatic;
				CURRENT_PROJECT_VERSION = 1;
				GENERATE_INFOPLIST_FILE = YES;
				MARKETING_VERSION = 1.0;
				PRODUCT_BUNDLE_IDENTIFIER = "dev.diden.kon-questUITests";
				PRODUCT_NAME = "$(TARGET_NAME)";
				SWIFT_EMIT_LOC_STRINGS = NO;
				SWIFT_VERSION = 5.0;
				TARGETED_DEVICE_FAMILY = "1,2";
				TEST_TARGET_NAME = "kon-quest";
			};
			name = Release;
		};
/* End XCBuildConfiguration section */

/* Begin XCConfigurationList section */
		4BFFAABE2D91A93C007476E8 /* Build configuration list for PBXProject "kon-quest" */ = {
			isa = XCConfigurationList;
			buildConfigurations = (
				4BFFAAE52D91A93E007476E8 /* Debug */,
				4BFFAAE62D91A93E007476E8 /* Release */,
			);
			defaultConfigurationIsVisible = 0;
			defaultConfigurationName = Release;
		};
		4BFFAAE72D91A93E007476E8 /* Build configuration list for PBXNativeTarget "kon-quest" */ = {
			isa = XCConfigurationList;
			buildConfigurations = (
				4BFFAAE82D91A93E007476E8 /* Debug */,
				4BFFAAE92D91A93E007476E8 /* Release */,
			);
			defaultConfigurationIsVisible = 0;
			defaultConfigurationName = Release;
		};
		4BFFAAEA2D91A93E007476E8 /* Build configuration list for PBXNativeTarget "kon-questTests" */ = {
			isa = XCConfigurationList;
			buildConfigurations = (
				4BFFAAEB2D91A93E007476E8 /* Debug */,
				4BFFAAEC2D91A93E007476E8 /* Release */,
			);
			defaultConfigurationIsVisible = 0;
			defaultConfigurationName = Release;
		};
		4BFFAAED2D91A93E007476E8 /* Build configuration list for PBXNativeTarget "kon-questUITests" */ = {
			isa = XCConfigurationList;
			buildConfigurations = (
				4BFFAAEE2D91A93E007476E8 /* Debug */,
				4BFFAAEF2D91A93E007476E8 /* Release */,
			);
			defaultConfigurationIsVisible = 0;
			defaultConfigurationName = Release;
		};
/* End XCConfigurationList section */

/* Begin XCRemoteSwiftPackageReference section */
		4B2577B12E04E91200583862 /* XCRemoteSwiftPackageReference "swiftui-drawer" */ = {
			isa = XCRemoteSwiftPackageReference;
			repositoryURL = "https://github.com/maustinstar/swiftui-drawer.git";
			requirement = {
				branch = master;
				kind = branch;
			};
		};
		4B2577F32E05CF3700583862 /* XCRemoteSwiftPackageReference "GoogleSignIn-iOS" */ = {
			isa = XCRemoteSwiftPackageReference;
			repositoryURL = "https://github.com/google/GoogleSignIn-iOS";
			requirement = {
				kind = upToNextMajorVersion;
				minimumVersion = 8.0.0;
			};
		};
/* End XCRemoteSwiftPackageReference section */

/* Begin XCSwiftPackageProductDependency section */
		4B1D98072E05D0F400C6E466 /* GoogleSignIn */ = {
			isa = XCSwiftPackageProductDependency;
			package = 4B2577F32E05CF3700583862 /* XCRemoteSwiftPackageReference "GoogleSignIn-iOS" */;
			productName = GoogleSignIn;
		};
		4B2577B22E04E91200583862 /* Drawer */ = {
			isa = XCSwiftPackageProductDependency;
			package = 4B2577B12E04E91200583862 /* XCRemoteSwiftPackageReference "swiftui-drawer" */;
			productName = Drawer;
		};
/* End XCSwiftPackageProductDependency section */
	};
	rootObject = 4BFFAABB2D91A93C007476E8 /* Project object */;
}
